// !$*UTF8*$!
{
	archiveVersion = 1;
	classes = {
	};
	objectVersion = 50;
	objects = {

/* Begin PBXBuildFile section */
		6A12A000217AA82000EE3C6E /* AppDelegate.swift in Sources */ = {isa = PBXBuildFile; fileRef = 6A129FFF217AA82000EE3C6E /* AppDelegate.swift */; };
		6A12A002217AA82000EE3C6E /* ViewController.swift in Sources */ = {isa = PBXBuildFile; fileRef = 6A12A001217AA82000EE3C6E /* ViewController.swift */; };
		6A12A005217AA82000EE3C6E /* Main.storyboard in Resources */ = {isa = PBXBuildFile; fileRef = 6A12A003217AA82000EE3C6E /* Main.storyboard */; };
		6A12A008217AA82000EE3C6E /* WindowShopperLearning.xcdatamodeld in Sources */ = {isa = PBXBuildFile; fileRef = 6A12A006217AA82000EE3C6E /* WindowShopperLearning.xcdatamodeld */; };
		6A12A00A217AA82100EE3C6E /* Assets.xcassets in Resources */ = {isa = PBXBuildFile; fileRef = 6A12A009217AA82100EE3C6E /* Assets.xcassets */; };
		6A12A00D217AA82100EE3C6E /* LaunchScreen.storyboard in Resources */ = {isa = PBXBuildFile; fileRef = 6A12A00B217AA82100EE3C6E /* LaunchScreen.storyboard */; };
/* End PBXBuildFile section */

/* Begin PBXFileReference section */
		6A129FFC217AA82000EE3C6E /* WindowShopperLearning.app */ = {isa = PBXFileReference; explicitFileType = wrapper.application; includeInIndex = 0; path = WindowShopperLearning.app; sourceTree = BUILT_PRODUCTS_DIR; };
		6A129FFF217AA82000EE3C6E /* AppDelegate.swift */ = {isa = PBXFileReference; lastKnownFileType = sourcecode.swift; path = AppDelegate.swift; sourceTree = "<group>"; };
		6A12A001217AA82000EE3C6E /* ViewController.swift */ = {isa = PBXFileReference; lastKnownFileType = sourcecode.swift; path = ViewController.swift; sourceTree = "<group>"; };
		6A12A004217AA82000EE3C6E /* Base */ = {isa = PBXFileReference; lastKnownFileType = file.storyboard; name = Base; path = Base.lproj/Main.storyboard; sourceTree = "<group>"; };
		6A12A007217AA82000EE3C6E /* WindowShopperLearning.xcdatamodel */ = {isa = PBXFileReference; lastKnownFileType = wrapper.xcdatamodel; path = WindowShopperLearning.xcdatamodel; sourceTree = "<group>"; };
		6A12A009217AA82100EE3C6E /* Assets.xcassets */ = {isa = PBXFileReference; lastKnownFileType = folder.assetcatalog; path = Assets.xcassets; sourceTree = "<group>"; };
		6A12A00C217AA82100EE3C6E /* Base */ = {isa = PBXFileReference; lastKnownFileType = file.storyboard; name = Base; path = Base.lproj/LaunchScreen.storyboard; sourceTree = "<group>"; };
		6A12A00E217AA82100EE3C6E /* Info.plist */ = {isa = PBXFileReference; lastKnownFileType = text.plist.xml; path = Info.plist; sourceTree = "<group>"; };
/* End PBXFileReference section */

/* Begin PBXFrameworksBuildPhase section */
		6A129FF9217AA82000EE3C6E /* Frameworks */ = {
			isa = PBXFrameworksBuildPhase;
			buildActionMask = 2147483647;
			files = (
			);
			runOnlyForDeploymentPostprocessing = 0;
		};
/* End PBXFrameworksBuildPhase section */

/* Begin PBXGroup section */
		6A129FF3217AA82000EE3C6E = {
			isa = PBXGroup;
			children = (
				6A129FFE217AA82000EE3C6E /* WindowShopperLearning */,
				6A129FFD217AA82000EE3C6E /* Products */,
			);
			sourceTree = "<group>";
		};
		6A129FFD217AA82000EE3C6E /* Products */ = {
			isa = PBXGroup;
			children = (
				6A129FFC217AA82000EE3C6E /* WindowShopperLearning.app */,
			);
			name = Products;
			sourceTree = "<group>";
		};
		6A129FFE217AA82000EE3C6E /* WindowShopperLearning */ = {
			isa = PBXGroup;
			children = (
				6A129FFF217AA82000EE3C6E /* AppDelegate.swift */,
				6A12A001217AA82000EE3C6E /* ViewController.swift */,
				6A12A003217AA82000EE3C6E /* Main.storyboard */,
				6A12A009217AA82100EE3C6E /* Assets.xcassets */,
				6A12A00B217AA82100EE3C6E /* LaunchScreen.storyboard */,
				6A12A00E217AA82100EE3C6E /* Info.plist */,
				6A12A006217AA82000EE3C6E /* WindowShopperLearning.xcdatamodeld */,
			);
			path = WindowShopperLearning;
			sourceTree = "<group>";
		};
/* End PBXGroup section */

/* Begin PBXNativeTarget section */
		6A129FFB217AA82000EE3C6E /* WindowShopperLearning */ = {
			isa = PBXNativeTarget;
			buildConfigurationList = 6A12A011217AA82100EE3C6E /* Build configuration list for PBXNativeTarget "WindowShopperLearning" */;
			buildPhases = (
				6A129FF8217AA82000EE3C6E /* Sources */,
				6A129FF9217AA82000EE3C6E /* Frameworks */,
				6A129FFA217AA82000EE3C6E /* Resources */,
			);
			buildRules = (
			);
			dependencies = (
			);
			name = WindowShopperLearning;
			productName = WindowShopperLearning;
			productReference = 6A129FFC217AA82000EE3C6E /* WindowShopperLearning.app */;
			productType = "com.apple.product-type.application";
		};
/* End PBXNativeTarget section */

/* Begin PBXProject section */
		6A129FF4217AA82000EE3C6E /* Project object */ = {
			isa = PBXProject;
			attributes = {
				LastSwiftUpdateCheck = 1000;
				LastUpgradeCheck = 1000;
				ORGANIZATIONNAME = "Todd Berliner";
				TargetAttributes = {
					6A129FFB217AA82000EE3C6E = {
						CreatedOnToolsVersion = 10.0;
					};
				};
			};
			buildConfigurationList = 6A129FF7217AA82000EE3C6E /* Build configuration list for PBXProject "WindowShopperLearning" */;
			compatibilityVersion = "Xcode 9.3";
			developmentRegion = en;
			hasScannedForEncodings = 0;
			knownRegions = (
				en,
				Base,
			);
			mainGroup = 6A129FF3217AA82000EE3C6E;
			productRefGroup = 6A129FFD217AA82000EE3C6E /* Products */;
			projectDirPath = "";
			projectRoot = "";
			targets = (
				6A129FFB217AA82000EE3C6E /* WindowShopperLearning */,
			);
		};
/* End PBXProject section */

/* Begin PBXResourcesBuildPhase section */
		6A129FFA217AA82000EE3C6E /* Resources */ = {
			isa = PBXResourcesBuildPhase;
			buildActionMask = 2147483647;
			files = (
				6A12A00D217AA82100EE3C6E /* LaunchScreen.storyboard in Resources */,
				6A12A00A217AA82100EE3C6E /* Assets.xcassets in Resources */,
				6A12A005217AA82000EE3C6E /* Main.storyboard in Resources */,
			);
			runOnlyForDeploymentPostprocessing = 0;
		};
/* End PBXResourcesBuildPhase section */

/* Begin PBXSourcesBuildPhase section */
		6A129FF8217AA82000EE3C6E /* Sources */ = {
			isa = PBXSourcesBuildPhase;
			buildActionMask = 2147483647;
			files = (
				6A12A002217AA82000EE3C6E /* ViewController.swift in Sources */,
				6A12A000217AA82000EE3C6E /* AppDelegate.swift in Sources */,
				6A12A008217AA82000EE3C6E /* WindowShopperLearning.xcdatamodeld in Sources */,
			);
			runOnlyForDeploymentPostprocessing = 0;
		};
/* End PBXSourcesBuildPhase section */

/* Begin PBXVariantGroup section */
		6A12A003217AA82000EE3C6E /* Main.storyboard */ = {
			isa = PBXVariantGroup;
			children = (
				6A12A004217AA82000EE3C6E /* Base */,
			);
			name = Main.storyboard;
			sourceTree = "<group>";
		};
		6A12A00B217AA82100EE3C6E /* LaunchScreen.storyboard */ = {
			isa = PBXVariantGroup;
			children = (
				6A12A00C217AA82100EE3C6E /* Base */,
			);
			name = LaunchScreen.storyboard;
			sourceTree = "<group>";
		};
/* End PBXVariantGroup section */

/* Begin XCBuildConfiguration section */
		6A12A00F217AA82100EE3C6E /* Debug */ = {
			isa = XCBuildConfiguration;
			buildSettings = {
				ALWAYS_SEARCH_USER_PATHS = NO;
				CLANG_ANALYZER_NONNULL = YES;
				CLANG_ANALYZER_NUMBER_OBJECT_CONVERSION = YES_AGGRESSIVE;
				CLANG_CXX_LANGUAGE_STANDARD = "gnu++14";
				CLANG_CXX_LIBRARY = "libc++";
				CLANG_ENABLE_MODULES = YES;
				CLANG_ENABLE_OBJC_ARC = YES;
				CLANG_ENABLE_OBJC_WEAK = YES;
				CLANG_WARN_BLOCK_CAPTURE_AUTORELEASING = YES;
				CLANG_WARN_BOOL_CONVERSION = YES;
				CLANG_WARN_COMMA = YES;
				CLANG_WARN_CONSTANT_CONVERSION = YES;
				CLANG_WARN_DEPRECATED_OBJC_IMPLEMENTATIONS = YES;
				CLANG_WARN_DIRECT_OBJC_ISA_USAGE = YES_ERROR;
				CLANG_WARN_DOCUMENTATION_COMMENTS = YES;
				CLANG_WARN_EMPTY_BODY = YES;
				CLANG_WARN_ENUM_CONVERSION = YES;
				CLANG_WARN_INFINITE_RECURSION = YES;
				CLANG_WARN_INT_CONVERSION = YES;
				CLANG_WARN_NON_LITERAL_NULL_CONVERSION = YES;
				CLANG_WARN_OBJC_IMPLICIT_RETAIN_SELF = YES;
				CLANG_WARN_OBJC_LITERAL_CONVERSION = YES;
				CLANG_WARN_OBJC_ROOT_CLASS = YES_ERROR;
				CLANG_WARN_RANGE_LOOP_ANALYSIS = YES;
				CLANG_WARN_STRICT_PROTOTYPES = YES;
				CLANG_WARN_SUSPICIOUS_MOVE = YES;
				CLANG_WARN_UNGUARDED_AVAILABILITY = YES_AGGRESSIVE;
				CLANG_WARN_UNREACHABLE_CODE = YES;
				CLANG_WARN__DUPLICATE_METHOD_MATCH = YES;
				CODE_SIGN_IDENTITY = "iPhone Developer";
				COPY_PHASE_STRIP = NO;
				DEBUG_INFORMATION_FORMAT = dwarf;
				ENABLE_STRICT_OBJC_MSGSEND = YES;
				ENABLE_TESTABILITY = YES;
				GCC_C_LANGUAGE_STANDARD = gnu11;
				GCC_DYNAMIC_NO_PIC = NO;
				GCC_NO_COMMON_BLOCKS = YES;
				GCC_OPTIMIZATION_LEVEL = 0;
				GCC_PREPROCESSOR_DEFINITIONS = (
					"DEBUG=1",
					"$(inherited)",
				);
				GCC_WARN_64_TO_32_BIT_CONVERSION = YES;
				GCC_WARN_ABOUT_RETURN_TYPE = YES_ERROR;
				GCC_WARN_UNDECLARED_SELECTOR = YES;
				GCC_WARN_UNINITIALIZED_AUTOS = YES_AGGRESSIVE;
				GCC_WARN_UNUSED_FUNCTION = YES;
				GCC_WARN_UNUSED_VARIABLE = YES;
				IPHONEOS_DEPLOYMENT_TARGET = 12.0;
				MTL_ENABLE_DEBUG_INFO = INCLUDE_SOURCE;
				MTL_FAST_MATH = YES;
				ONLY_ACTIVE_ARCH = YES;
				SDKROOT = iphoneos;
				SWIFT_ACTIVE_COMPILATION_CONDITIONS = DEBUG;
				SWIFT_OPTIMIZATION_LEVEL = "-Onone";
			};
			name = Debug;
		};
		6A12A010217AA82100EE3C6E /* Release */ = {
			isa = XCBuildConfiguration;
			buildSettings = {
				ALWAYS_SEARCH_USER_PATHS = NO;
				CLANG_ANALYZER_NONNULL = YES;
				CLANG_ANALYZER_NUMBER_OBJECT_CONVERSION = YES_AGGRESSIVE;
				CLANG_CXX_LANGUAGE_STANDARD = "gnu++14";
				CLANG_CXX_LIBRARY = "libc++";
				CLANG_ENABLE_MODULES = YES;
				CLANG_ENABLE_OBJC_ARC = YES;
				CLANG_ENABLE_OBJC_WEAK = YES;
				CLANG_WARN_BLOCK_CAPTURE_AUTORELEASING = YES;
				CLANG_WARN_BOOL_CONVERSION = YES;
				CLANG_WARN_COMMA = YES;
				CLANG_WARN_CONSTANT_CONVERSION = YES;
				CLANG_WARN_DEPRECATED_OBJC_IMPLEMENTATIONS = YES;
				CLANG_WARN_DIRECT_OBJC_ISA_USAGE = YES_ERROR;
				CLANG_WARN_DOCUMENTATION_COMMENTS = YES;
				CLANG_WARN_EMPTY_BODY = YES;
				CLANG_WARN_ENUM_CONVERSION = YES;
				CLANG_WARN_INFINITE_RECURSION = YES;
				CLANG_WARN_INT_CONVERSION = YES;
				CLANG_WARN_NON_LITERAL_NULL_CONVERSION = YES;
				CLANG_WARN_OBJC_IMPLICIT_RETAIN_SELF = YES;
				CLANG_WARN_OBJC_LITERAL_CONVERSION = YES;
				CLANG_WARN_OBJC_ROOT_CLASS = YES_ERROR;
				CLANG_WARN_RANGE_LOOP_ANALYSIS = YES;
				CLANG_WARN_STRICT_PROTOTYPES = YES;
				CLANG_WARN_SUSPICIOUS_MOVE = YES;
				CLANG_WARN_UNGUARDED_AVAILABILITY = YES_AGGRESSIVE;
				CLANG_WARN_UNREACHABLE_CODE = YES;
				CLANG_WARN__DUPLICATE_METHOD_MATCH = YES;
				CODE_SIGN_IDENTITY = "iPhone Developer";
				COPY_PHASE_STRIP = NO;
				DEBUG_INFORMATION_FORMAT = "dwarf-with-dsym";
				ENABLE_NS_ASSERTIONS = NO;
				ENABLE_STRICT_OBJC_MSGSEND = YES;
				GCC_C_LANGUAGE_STANDARD = gnu11;
				GCC_NO_COMMON_BLOCKS = YES;
				GCC_WARN_64_TO_32_BIT_CONVERSION = YES;
				GCC_WARN_ABOUT_RETURN_TYPE = YES_ERROR;
				GCC_WARN_UNDECLARED_SELECTOR = YES;
				GCC_WARN_UNINITIALIZED_AUTOS = YES_AGGRESSIVE;
				GCC_WARN_UNUSED_FUNCTION = YES;
				GCC_WARN_UNUSED_VARIABLE = YES;
				IPHONEOS_DEPLOYMENT_TARGET = 12.0;
				MTL_ENABLE_DEBUG_INFO = NO;
				MTL_FAST_MATH = YES;
				SDKROOT = iphoneos;
				SWIFT_COMPILATION_MODE = wholemodule;
				SWIFT_OPTIMIZATION_LEVEL = "-O";
				VALIDATE_PRODUCT = YES;
			};
			name = Release;
		};
		6A12A012217AA82100EE3C6E /* Debug */ = {
			isa = XCBuildConfiguration;
			buildSettings = {
				ASSETCATALOG_COMPILER_APPICON_NAME = AppIcon;
				CODE_SIGN_STYLE = Automatic;
				DEVELOPMENT_TEAM = 6P6LRAN9E5;
				INFOPLIST_FILE = WindowShopperLearning/Info.plist;
				LD_RUNPATH_SEARCH_PATHS = (
					"$(inherited)",
					"@executable_path/Frameworks",
				);
				PRODUCT_BUNDLE_IDENTIFIER = toddberliner.WindowShopperLearning;
				PRODUCT_NAME = "$(TARGET_NAME)";
				SWIFT_VERSION = 4.2;
				TARGETED_DEVICE_FAMILY = "1,2";
			};
			name = Debug;
		};
		6A12A013217AA82100EE3C6E /* Release */ = {
			isa = XCBuildConfiguration;
			buildSettings = {
				ASSETCATALOG_COMPILER_APPICON_NAME = AppIcon;
				CODE_SIGN_STYLE = Automatic;
				DEVELOPMENT_TEAM = 6P6LRAN9E5;
				INFOPLIST_FILE = WindowShopperLearning/Info.plist;
				LD_RUNPATH_SEARCH_PATHS = (
					"$(inherited)",
					"@executable_path/Frameworks",
				);
				PRODUCT_BUNDLE_IDENTIFIER = toddberliner.WindowShopperLearning;
				PRODUCT_NAME = "$(TARGET_NAME)";
				SWIFT_VERSION = 4.2;
				TARGETED_DEVICE_FAMILY = "1,2";
			};
			name = Release;
		};
/* End XCBuildConfiguration section */

/* Begin XCConfigurationList section */
		6A129FF7217AA82000EE3C6E /* Build configuration list for PBXProject "WindowShopperLearning" */ = {
			isa = XCConfigurationList;
			buildConfigurations = (
				6A12A00F217AA82100EE3C6E /* Debug */,
				6A12A010217AA82100EE3C6E /* Release */,
			);
			defaultConfigurationIsVisible = 0;
			defaultConfigurationName = Release;
		};
		6A12A011217AA82100EE3C6E /* Build configuration list for PBXNativeTarget "WindowShopperLearning" */ = {
			isa = XCConfigurationList;
			buildConfigurations = (
				6A12A012217AA82100EE3C6E /* Debug */,
				6A12A013217AA82100EE3C6E /* Release */,
			);
			defaultConfigurationIsVisible = 0;
			defaultConfigurationName = Release;
		};
/* End XCConfigurationList section */

/* Begin XCVersionGroup section */
		6A12A006217AA82000EE3C6E /* WindowShopperLearning.xcdatamodeld */ = {
			isa = XCVersionGroup;
			children = (
				6A12A007217AA82000EE3C6E /* WindowShopperLearning.xcdatamodel */,
			);
			currentVersion = 6A12A007217AA82000EE3C6E /* WindowShopperLearning.xcdatamodel */;
			path = WindowShopperLearning.xcdatamodeld;
			sourceTree = "<group>";
			versionGroupType = wrapper.xcdatamodel;
		};
/* End XCVersionGroup section */
	};
	rootObject = 6A129FF4217AA82000EE3C6E /* Project object */;
}
